# This file was autogenerated by Stack.
# You should not edit this file by hand.
# For more information, please see the documentation at:
#   https://docs.haskellstack.org/en/stable/lock_files

packages:
- completed:
    hackage: checkers-0.4.14@sha256:073d20fd3d928c084a078ccec86786640a636a0a80c8054d9af4e96f3987749c,2111
    pantry-tree:
      size: 1267
      sha256: 689691d551872a12c26f11ab3be32b5ff3f0c0db7b1dbabf089579d8cf271fe5
  original:
    hackage: checkers-0.4.14
snapshots:
- completed:
    size: 498398
    url: https://raw.githubusercontent.com/commercialhaskell/stackage-snapshots/master/lts/13/23.yaml
    sha256: 63151ca76f39d5cfbd266ce019236459fdda53fbefd2200aedeb33bcc81f808e
  original: lts-13.23
